
Microsoft Visual Studio Solution File, Format Version 12.00
# Visual Studio Version 16
VisualStudioVersion = 16.0.30717.126
MinimumVisualStudioVersion = 10.0.40219.1
Project("{FAE04EC0-301F-11D3-BF4B-00C04F79EFBC}") = "Anagrams", "Anagrams.csproj", "{B2E71BE3-C55E-47DF-96F4-96C858E541A1}"
EndProject
Project("{FAE04EC0-301F-11D3-BF4B-00C04F79EFBC}") = "TestingProject", "TestingProject\TestingProject.csproj", "{4B573C6F-75A1-4720-9E9B-415E006E2E55}"
EndProject
Global
	GlobalSection(SolutionConfigurationPlatforms) = preSolution
		Debug|Any CPU = Debug|Any CPU
		Release|Any CPU = Release|Any CPU
	EndGlobalSection
	GlobalSection(ProjectConfigurationPlatforms) = postSolution
		{B2E71BE3-C55E-47DF-96F4-96C858E541A1}.Debug|Any CPU.ActiveCfg = Debug|Any CPU
		{B2E71BE3-C55E-47DF-96F4-96C858E541A1}.Debug|Any CPU.Build.0 = Debug|Any CPU
		{B2E71BE3-C55E-47DF-96F4-96C858E541A1}.Release|Any CPU.ActiveCfg = Release|Any CPU
		{B2E71BE3-C55E-47DF-96F4-96C858E541A1}.Release|Any CPU.Build.0 = Release|Any CPU
		{4B573C6F-75A1-4720-9E9B-415E006E2E55}.Debug|Any CPU.ActiveCfg = Debug|Any CPU
		{4B573C6F-75A1-4720-9E9B-415E006E2E55}.Debug|Any CPU.Build.0 = Debug|Any CPU
		{4B573C6F-75A1-4720-9E9B-415E006E2E55}.Release|Any CPU.ActiveCfg = Release|Any CPU
		{4B573C6F-75A1-4720-9E9B-415E006E2E55}.Release|Any CPU.Build.0 = Release|Any CPU
	EndGlobalSection
	GlobalSection(SolutionProperties) = preSolution
		HideSolutionNode = FALSE
	EndGlobalSection
	GlobalSection(ExtensibilityGlobals) = postSolution
		SolutionGuid = {02376C56-3C75-4578-AFF7-A96A0A2BB8FA}
	EndGlobalSection
EndGlobal
